{
  "name": "vue-echarts",
  "version": "1.0.0",
  "lockfileVersion": 1,
  "requires": true,
  "dependencies": {
    "random-count-card": {
      "version": "1.1.3",
      "resolved": "https://registry.npmjs.org/random-count-card/-/random-count-card-1.1.3.tgz",
      "integrity": "sha1-e+esmX7DnryzQzV7Q6FqAH7WsjE=",
      "requires": {
        "vue": "2.5.16",
        "vue-count-to": "1.0.13"
      },
      "dependencies": {
        "vue": {
          "version": "2.5.16",
          "resolved": "https://registry.npmjs.org/vue/-/vue-2.5.16.tgz",
          "integrity": "sha512-/ffmsiVuPC8PsWcFkZngdpas19ABm5mh2wA7iDqcltyCTwlgZjHGeJYOXkBMo422iPwIcviOtrTCUpSfXmToLQ=="
        }
      }
    },
    "vue-count-to": {
      "version": "1.0.13",
      "resolved": "https://registry.npmjs.org/vue-count-to/-/vue-count-to-1.0.13.tgz",
      "integrity": "sha512-6R4OVBVNtQTlcbXu6SJ8ENR35M2/CdWt3Jmv57jOUM+1ojiFmjVGvZPH8DfHpMDSA+ITs+EW5V6qthADxeyYOQ=="
    }
  }
}
